
Microsoft Visual Studio Solution File, Format Version 11.00
# Visual Studio 2010
Project("{FAE04EC0-301F-11D3-BF4B-00C04F79EFBC}") = "PlatformInputTest", "Assembly-CSharp-firstpass.csproj", "{04A5DD26-1981-B0A1-7C6D-D8C5C4CC2897}"
EndProject
Project("{FAE04EC0-301F-11D3-BF4B-00C04F79EFBC}") = "PlatformInputTest", "Assembly-CSharp.csproj", "{6CDA0747-4FC4-2EA5-A78B-A37E3000AC5C}"
EndProject
Project("{FAE04EC0-301F-11D3-BF4B-00C04F79EFBC}") = "PlatformInputTest", "Assembly-CSharp-Editor-firstpass.csproj", "{06882D84-E243-A233-A916-F3BF62B23CFD}"
EndProject
Global
	GlobalSection(SolutionConfigurationPlatforms) = preSolution
		Debug|Any CPU = Debug|Any CPU
		Release|Any CPU = Release|Any CPU
	EndGlobalSection
	GlobalSection(ProjectConfigurationPlatforms) = postSolution
		{04A5DD26-1981-B0A1-7C6D-D8C5C4CC2897}.Debug|Any CPU.ActiveCfg = Debug|Any CPU
		{04A5DD26-1981-B0A1-7C6D-D8C5C4CC2897}.Debug|Any CPU.Build.0 = Debug|Any CPU
		{04A5DD26-1981-B0A1-7C6D-D8C5C4CC2897}.Release|Any CPU.ActiveCfg = Release|Any CPU
		{04A5DD26-1981-B0A1-7C6D-D8C5C4CC2897}.Release|Any CPU.Build.0 = Release|Any CPU
		{6CDA0747-4FC4-2EA5-A78B-A37E3000AC5C}.Debug|Any CPU.ActiveCfg = Debug|Any CPU
		{6CDA0747-4FC4-2EA5-A78B-A37E3000AC5C}.Debug|Any CPU.Build.0 = Debug|Any CPU
		{6CDA0747-4FC4-2EA5-A78B-A37E3000AC5C}.Release|Any CPU.ActiveCfg = Release|Any CPU
		{6CDA0747-4FC4-2EA5-A78B-A37E3000AC5C}.Release|Any CPU.Build.0 = Release|Any CPU
		{06882D84-E243-A233-A916-F3BF62B23CFD}.Debug|Any CPU.ActiveCfg = Debug|Any CPU
		{06882D84-E243-A233-A916-F3BF62B23CFD}.Debug|Any CPU.Build.0 = Debug|Any CPU
		{06882D84-E243-A233-A916-F3BF62B23CFD}.Release|Any CPU.ActiveCfg = Release|Any CPU
		{06882D84-E243-A233-A916-F3BF62B23CFD}.Release|Any CPU.Build.0 = Release|Any CPU
	EndGlobalSection
	GlobalSection(SolutionProperties) = preSolution
		HideSolutionNode = FALSE
	EndGlobalSection
	GlobalSection(MonoDevelopProperties) = preSolution
		StartupItem = Assembly-CSharp.csproj
	EndGlobalSection
EndGlobal
